
Microsoft Visual Studio Solution File, Format Version 12.00
# Visual Studio 15
VisualStudioVersion = 15.0.28010.2003
MinimumVisualStudioVersion = 10.0.40219.1
Project("{FAE04EC0-301F-11D3-BF4B-00C04F79EFBC}") = "RestaurantKiosk", "RestaurantKiosk\RestaurantKiosk.csproj", "{CDC01C5F-715B-41CD-AD8A-55F7C14EBB52}"
EndProject
Global
	GlobalSection(SolutionConfigurationPlatforms) = preSolution
		Debug|Any CPU = Debug|Any CPU
		Release|Any CPU = Release|Any CPU
	EndGlobalSection
	GlobalSection(ProjectConfigurationPlatforms) = postSolution
		{CDC01C5F-715B-41CD-AD8A-55F7C14EBB52}.Debug|Any CPU.ActiveCfg = Debug|Any CPU
		{CDC01C5F-715B-41CD-AD8A-55F7C14EBB52}.Debug|Any CPU.Build.0 = Debug|Any CPU
		{CDC01C5F-715B-41CD-AD8A-55F7C14EBB52}.Release|Any CPU.ActiveCfg = Release|Any CPU
		{CDC01C5F-715B-41CD-AD8A-55F7C14EBB52}.Release|Any CPU.Build.0 = Release|Any CPU
	EndGlobalSection
	GlobalSection(SolutionProperties) = preSolution
		HideSolutionNode = FALSE
	EndGlobalSection
	GlobalSection(ExtensibilityGlobals) = postSolution
		SolutionGuid = {7EB558B7-E3BF-487A-B28A-13C9A8E416DD}
	EndGlobalSection
EndGlobal
